
Microsoft Visual Studio Solution File, Format Version 12.00
# Visual Studio Version 17
VisualStudioVersion = 17.5.33530.505
MinimumVisualStudioVersion = 10.0.40219.1
Project("{FAE04EC0-301F-11D3-BF4B-00C04F79EFBC}") = "Photovoltic_API", "Photovoltic_API\Photovoltic_API.csproj", "{2223E670-D084-47A8-B8B8-458030A74E8C}"
EndProject
Global
	GlobalSection(SolutionConfigurationPlatforms) = preSolution
		Debug|Any CPU = Debug|Any CPU
		Release|Any CPU = Release|Any CPU
	EndGlobalSection
	GlobalSection(ProjectConfigurationPlatforms) = postSolution
		{2223E670-D084-47A8-B8B8-458030A74E8C}.Debug|Any CPU.ActiveCfg = Debug|Any CPU
		{2223E670-D084-47A8-B8B8-458030A74E8C}.Debug|Any CPU.Build.0 = Debug|Any CPU
		{2223E670-D084-47A8-B8B8-458030A74E8C}.Release|Any CPU.ActiveCfg = Release|Any CPU
		{2223E670-D084-47A8-B8B8-458030A74E8C}.Release|Any CPU.Build.0 = Release|Any CPU
	EndGlobalSection
	GlobalSection(SolutionProperties) = preSolution
		HideSolutionNode = FALSE
	EndGlobalSection
	GlobalSection(ExtensibilityGlobals) = postSolution
		SolutionGuid = {4417895D-5A36-4DED-8BB6-B2097BC13F3A}
	EndGlobalSection
EndGlobal
